
Microsoft Visual Studio Solution File, Format Version 12.00
# Visual Studio 15
VisualStudioVersion = 15.0.26228.4
MinimumVisualStudioVersion = 10.0.40219.1
Project("{9A19103F-16F7-4668-BE54-9A1E7A4F7556}") = "Orleans.Telemetry.SerilogConsumer", "src\Orleans.Telemetry.SerilogConsumer\Orleans.Telemetry.SerilogConsumer.csproj", "{0689C519-2026-457F-8EF6-E7CDD47864DA}"
EndProject
Global
	GlobalSection(SolutionConfigurationPlatforms) = preSolution
		Debug|Any CPU = Debug|Any CPU
		Release|Any CPU = Release|Any CPU
	EndGlobalSection
	GlobalSection(ProjectConfigurationPlatforms) = postSolution
		{0689C519-2026-457F-8EF6-E7CDD47864DA}.Debug|Any CPU.ActiveCfg = Debug|Any CPU
		{0689C519-2026-457F-8EF6-E7CDD47864DA}.Debug|Any CPU.Build.0 = Debug|Any CPU
		{0689C519-2026-457F-8EF6-E7CDD47864DA}.Release|Any CPU.ActiveCfg = Release|Any CPU
		{0689C519-2026-457F-8EF6-E7CDD47864DA}.Release|Any CPU.Build.0 = Release|Any CPU
	EndGlobalSection
	GlobalSection(SolutionProperties) = preSolution
		HideSolutionNode = FALSE
	EndGlobalSection
EndGlobal
