
Microsoft Visual Studio Solution File, Format Version 12.00
# Visual Studio 14
VisualStudioVersion = 14.0.25420.1
MinimumVisualStudioVersion = 10.0.40219.1
Project("{8BB2217D-0F2D-49D1-97BC-3654ED321F3B}") = "Orleans.Telemetry.SerilogConsumer", "src\Orleans.Telemetry.SerilogConsumer\Orleans.Telemetry.SerilogConsumer.xproj", "{0689C519-2026-457F-8EF6-E7CDD47864DA}"
EndProject
Global
	GlobalSection(SolutionConfigurationPlatforms) = preSolution
		Debug|Any CPU = Debug|Any CPU
		Release|Any CPU = Release|Any CPU
	EndGlobalSection
	GlobalSection(ProjectConfigurationPlatforms) = postSolution
		{0689C519-2026-457F-8EF6-E7CDD47864DA}.Debug|Any CPU.ActiveCfg = Debug|Any CPU
		{0689C519-2026-457F-8EF6-E7CDD47864DA}.Debug|Any CPU.Build.0 = Debug|Any CPU
		{0689C519-2026-457F-8EF6-E7CDD47864DA}.Release|Any CPU.ActiveCfg = Release|Any CPU
		{0689C519-2026-457F-8EF6-E7CDD47864DA}.Release|Any CPU.Build.0 = Release|Any CPU
	EndGlobalSection
	GlobalSection(SolutionProperties) = preSolution
		HideSolutionNode = FALSE
	EndGlobalSection
EndGlobal
